// !$*UTF8*$!
{
	archiveVersion = 1;
	classes = {
	};
	objectVersion = 56;
	objects = {

/* Begin PBXBuildFile section */
		B1A7BD322C5D08EE001D1EFA /* AppDelegate.m in Sources */ = {isa = PBXBuildFile; fileRef = B1A7BD312C5D08EE001D1EFA /* AppDelegate.m */; };
		B1A7BD352C5D08EE001D1EFA /* SceneDelegate.m in Sources */ = {isa = PBXBuildFile; fileRef = B1A7BD342C5D08EE001D1EFA /* SceneDelegate.m */; };
		B1A7BD382C5D08EE001D1EFA /* ViewController.m in Sources */ = {isa = PBXBuildFile; fileRef = B1A7BD372C5D08EE001D1EFA /* ViewController.m */; };
		B1A7BD3B2C5D08EE001D1EFA /* Main.storyboard in Resources */ = {isa = PBXBuildFile; fileRef = B1A7BD392C5D08EE001D1EFA /* Main.storyboard */; };
		B1A7BD3D2C5D08EF001D1EFA /* Assets.xcassets in Resources */ = {isa = PBXBuildFile; fileRef = B1A7BD3C2C5D08EF001D1EFA /* Assets.xcassets */; };
		B1A7BD402C5D08EF001D1EFA /* LaunchScreen.storyboard in Resources */ = {isa = PBXBuildFile; fileRef = B1A7BD3E2C5D08EF001D1EFA /* LaunchScreen.storyboard */; };
		B1A7BD432C5D08EF001D1EFA /* main.m in Sources */ = {isa = PBXBuildFile; fileRef = B1A7BD422C5D08EF001D1EFA /* main.m */; };
		B1A7BD4E2C5D09A8001D1EFA /* UsercentricsHelper.swift in Sources */ = {isa = PBXBuildFile; fileRef = B1A7BD4D2C5D09A8001D1EFA /* UsercentricsHelper.swift */; };
		B1A7BD542C5D14EA001D1EFA /* Usercentrics.xcframework in Frameworks */ = {isa = PBXBuildFile; fileRef = B1A7BD532C5D14EA001D1EFA /* Usercentrics.xcframework */; };
		B1A7BD552C5D14EA001D1EFA /* Usercentrics.xcframework in Embed Frameworks */ = {isa = PBXBuildFile; fileRef = B1A7BD532C5D14EA001D1EFA /* Usercentrics.xcframework */; settings = {ATTRIBUTES = (CodeSignOnCopy, RemoveHeadersOnCopy, ); }; };
		B1A7BD582C5D14F1001D1EFA /* UsercentricsUI.xcframework in Frameworks */ = {isa = PBXBuildFile; fileRef = B1A7BD572C5D14F1001D1EFA /* UsercentricsUI.xcframework */; };
		B1A7BD592C5D14F1001D1EFA /* UsercentricsUI.xcframework in Embed Frameworks */ = {isa = PBXBuildFile; fileRef = B1A7BD572C5D14F1001D1EFA /* UsercentricsUI.xcframework */; settings = {ATTRIBUTES = (CodeSignOnCopy, RemoveHeadersOnCopy, ); }; };
		B1A7BD5B2C5D1512001D1EFA /* UsercentricsUIResources.bundle in Resources */ = {isa = PBXBuildFile; fileRef = B1A7BD5A2C5D1512001D1EFA /* UsercentricsUIResources.bundle */; };
/* End PBXBuildFile section */

/* Begin PBXCopyFilesBuildPhase section */
		B1A7BD562C5D14EA001D1EFA /* Embed Frameworks */ = {
			isa = PBXCopyFilesBuildPhase;
			buildActionMask = 2147483647;
			dstPath = "";
			dstSubfolderSpec = 10;
			files = (
				B1A7BD552C5D14EA001D1EFA /* Usercentrics.xcframework in Embed Frameworks */,
				B1A7BD592C5D14F1001D1EFA /* UsercentricsUI.xcframework in Embed Frameworks */,
			);
			name = "Embed Frameworks";
			runOnlyForDeploymentPostprocessing = 0;
		};
/* End PBXCopyFilesBuildPhase section */

/* Begin PBXFileReference section */
		B1A7BD2D2C5D08EE001D1EFA /* msdk-objc.app */ = {isa = PBXFileReference; explicitFileType = wrapper.application; includeInIndex = 0; path = "msdk-objc.app"; sourceTree = BUILT_PRODUCTS_DIR; };
		B1A7BD302C5D08EE001D1EFA /* AppDelegate.h */ = {isa = PBXFileReference; lastKnownFileType = sourcecode.c.h; path = AppDelegate.h; sourceTree = "<group>"; };
		B1A7BD312C5D08EE001D1EFA /* AppDelegate.m */ = {isa = PBXFileReference; lastKnownFileType = sourcecode.c.objc; path = AppDelegate.m; sourceTree = "<group>"; };
		B1A7BD332C5D08EE001D1EFA /* SceneDelegate.h */ = {isa = PBXFileReference; lastKnownFileType = sourcecode.c.h; path = SceneDelegate.h; sourceTree = "<group>"; };
		B1A7BD342C5D08EE001D1EFA /* SceneDelegate.m */ = {isa = PBXFileReference; lastKnownFileType = sourcecode.c.objc; path = SceneDelegate.m; sourceTree = "<group>"; };
		B1A7BD362C5D08EE001D1EFA /* ViewController.h */ = {isa = PBXFileReference; lastKnownFileType = sourcecode.c.h; path = ViewController.h; sourceTree = "<group>"; };
		B1A7BD372C5D08EE001D1EFA /* ViewController.m */ = {isa = PBXFileReference; lastKnownFileType = sourcecode.c.objc; path = ViewController.m; sourceTree = "<group>"; };
		B1A7BD3A2C5D08EE001D1EFA /* Base */ = {isa = PBXFileReference; lastKnownFileType = file.storyboard; name = Base; path = Base.lproj/Main.storyboard; sourceTree = "<group>"; };
		B1A7BD3C2C5D08EF001D1EFA /* Assets.xcassets */ = {isa = PBXFileReference; lastKnownFileType = folder.assetcatalog; path = Assets.xcassets; sourceTree = "<group>"; };
		B1A7BD3F2C5D08EF001D1EFA /* Base */ = {isa = PBXFileReference; lastKnownFileType = file.storyboard; name = Base; path = Base.lproj/LaunchScreen.storyboard; sourceTree = "<group>"; };
		B1A7BD412C5D08EF001D1EFA /* Info.plist */ = {isa = PBXFileReference; lastKnownFileType = text.plist.xml; path = Info.plist; sourceTree = "<group>"; };
		B1A7BD422C5D08EF001D1EFA /* main.m */ = {isa = PBXFileReference; lastKnownFileType = sourcecode.c.objc; path = main.m; sourceTree = "<group>"; };
		B1A7BD4C2C5D09A8001D1EFA /* msdk-objc-Bridging-Header.h */ = {isa = PBXFileReference; lastKnownFileType = sourcecode.c.h; path = "msdk-objc-Bridging-Header.h"; sourceTree = "<group>"; };
		B1A7BD4D2C5D09A8001D1EFA /* UsercentricsHelper.swift */ = {isa = PBXFileReference; lastKnownFileType = sourcecode.swift; path = UsercentricsHelper.swift; sourceTree = "<group>"; };
		B1A7BD532C5D14EA001D1EFA /* Usercentrics.xcframework */ = {isa = PBXFileReference; lastKnownFileType = wrapper.xcframework; name = Usercentrics.xcframework; path = "LocalFrameworks/Usercentrics-2.18.6-unity-static.xcframework/Usercentrics.xcframework"; sourceTree = "<group>"; };
		B1A7BD572C5D14F1001D1EFA /* UsercentricsUI.xcframework */ = {isa = PBXFileReference; lastKnownFileType = wrapper.xcframework; name = UsercentricsUI.xcframework; path = "LocalFrameworks/UsercentricsUI-Manual-Linking-2.18.6-static.xcframework/UsercentricsUI.xcframework"; sourceTree = "<group>"; };
		B1A7BD5A2C5D1512001D1EFA /* UsercentricsUIResources.bundle */ = {isa = PBXFileReference; lastKnownFileType = "wrapper.plug-in"; name = UsercentricsUIResources.bundle; path = "LocalFrameworks/UsercentricsUI-Manual-Linking-2.18.6-static.xcframework/UsercentricsUIResources.bundle"; sourceTree = "<group>"; };
/* End PBXFileReference section */

/* Begin PBXFrameworksBuildPhase section */
		B1A7BD2A2C5D08EE001D1EFA /* Frameworks */ = {
			isa = PBXFrameworksBuildPhase;
			buildActionMask = 2147483647;
			files = (
				B1A7BD542C5D14EA001D1EFA /* Usercentrics.xcframework in Frameworks */,
				B1A7BD582C5D14F1001D1EFA /* UsercentricsUI.xcframework in Frameworks */,
			);
			runOnlyForDeploymentPostprocessing = 0;
		};
/* End PBXFrameworksBuildPhase section */

/* Begin PBXGroup section */
		B1A7BD242C5D08EE001D1EFA = {
			isa = PBXGroup;
			children = (
				B1A7BD5A2C5D1512001D1EFA /* UsercentricsUIResources.bundle */,
				B1A7BD2F2C5D08EE001D1EFA /* msdk-objc */,
				B1A7BD2E2C5D08EE001D1EFA /* Products */,
				B1A7BD522C5D14EA001D1EFA /* Frameworks */,
			);
			sourceTree = "<group>";
		};
		B1A7BD2E2C5D08EE001D1EFA /* Products */ = {
			isa = PBXGroup;
			children = (
				B1A7BD2D2C5D08EE001D1EFA /* msdk-objc.app */,
			);
			name = Products;
			sourceTree = "<group>";
		};
		B1A7BD2F2C5D08EE001D1EFA /* msdk-objc */ = {
			isa = PBXGroup;
			children = (
				B1A7BD302C5D08EE001D1EFA /* AppDelegate.h */,
				B1A7BD312C5D08EE001D1EFA /* AppDelegate.m */,
				B1A7BD332C5D08EE001D1EFA /* SceneDelegate.h */,
				B1A7BD342C5D08EE001D1EFA /* SceneDelegate.m */,
				B1A7BD362C5D08EE001D1EFA /* ViewController.h */,
				B1A7BD372C5D08EE001D1EFA /* ViewController.m */,
				B1A7BD392C5D08EE001D1EFA /* Main.storyboard */,
				B1A7BD3C2C5D08EF001D1EFA /* Assets.xcassets */,
				B1A7BD3E2C5D08EF001D1EFA /* LaunchScreen.storyboard */,
				B1A7BD412C5D08EF001D1EFA /* Info.plist */,
				B1A7BD422C5D08EF001D1EFA /* main.m */,
				B1A7BD4D2C5D09A8001D1EFA /* UsercentricsHelper.swift */,
				B1A7BD4C2C5D09A8001D1EFA /* msdk-objc-Bridging-Header.h */,
			);
			path = "msdk-objc";
			sourceTree = "<group>";
		};
		B1A7BD522C5D14EA001D1EFA /* Frameworks */ = {
			isa = PBXGroup;
			children = (
				B1A7BD572C5D14F1001D1EFA /* UsercentricsUI.xcframework */,
				B1A7BD532C5D14EA001D1EFA /* Usercentrics.xcframework */,
			);
			name = Frameworks;
			sourceTree = "<group>";
		};
/* End PBXGroup section */

/* Begin PBXNativeTarget section */
		B1A7BD2C2C5D08EE001D1EFA /* msdk-objc */ = {
			isa = PBXNativeTarget;
			buildConfigurationList = B1A7BD462C5D08EF001D1EFA /* Build configuration list for PBXNativeTarget "msdk-objc" */;
			buildPhases = (
				B1A7BD292C5D08EE001D1EFA /* Sources */,
				B1A7BD2A2C5D08EE001D1EFA /* Frameworks */,
				B1A7BD2B2C5D08EE001D1EFA /* Resources */,
				B1A7BD562C5D14EA001D1EFA /* Embed Frameworks */,
			);
			buildRules = (
			);
			dependencies = (
			);
			name = "msdk-objc";
			packageProductDependencies = (
			);
			productName = "msdk-objc";
			productReference = B1A7BD2D2C5D08EE001D1EFA /* msdk-objc.app */;
			productType = "com.apple.product-type.application";
		};
/* End PBXNativeTarget section */

/* Begin PBXProject section */
		B1A7BD252C5D08EE001D1EFA /* Project object */ = {
			isa = PBXProject;
			attributes = {
				BuildIndependentTargetsInParallel = 1;
				LastUpgradeCheck = 1520;
				TargetAttributes = {
					B1A7BD2C2C5D08EE001D1EFA = {
						CreatedOnToolsVersion = 15.2;
						LastSwiftMigration = 1520;
					};
				};
			};
			buildConfigurationList = B1A7BD282C5D08EE001D1EFA /* Build configuration list for PBXProject "msdk-objc" */;
			compatibilityVersion = "Xcode 14.0";
			developmentRegion = en;
			hasScannedForEncodings = 0;
			knownRegions = (
				en,
				Base,
			);
			mainGroup = B1A7BD242C5D08EE001D1EFA;
			packageReferences = (
			);
			productRefGroup = B1A7BD2E2C5D08EE001D1EFA /* Products */;
			projectDirPath = "";
			projectRoot = "";
			targets = (
				B1A7BD2C2C5D08EE001D1EFA /* msdk-objc */,
			);
		};
/* End PBXProject section */

/* Begin PBXResourcesBuildPhase section */
		B1A7BD2B2C5D08EE001D1EFA /* Resources */ = {
			isa = PBXResourcesBuildPhase;
			buildActionMask = 2147483647;
			files = (
				B1A7BD5B2C5D1512001D1EFA /* UsercentricsUIResources.bundle in Resources */,
				B1A7BD402C5D08EF001D1EFA /* LaunchScreen.storyboard in Resources */,
				B1A7BD3D2C5D08EF001D1EFA /* Assets.xcassets in Resources */,
				B1A7BD3B2C5D08EE001D1EFA /* Main.storyboard in Resources */,
			);
			runOnlyForDeploymentPostprocessing = 0;
		};
/* End PBXResourcesBuildPhase section */

/* Begin PBXSourcesBuildPhase section */
		B1A7BD292C5D08EE001D1EFA /* Sources */ = {
			isa = PBXSourcesBuildPhase;
			buildActionMask = 2147483647;
			files = (
				B1A7BD4E2C5D09A8001D1EFA /* UsercentricsHelper.swift in Sources */,
				B1A7BD382C5D08EE001D1EFA /* ViewController.m in Sources */,
				B1A7BD322C5D08EE001D1EFA /* AppDelegate.m in Sources */,
				B1A7BD432C5D08EF001D1EFA /* main.m in Sources */,
				B1A7BD352C5D08EE001D1EFA /* SceneDelegate.m in Sources */,
			);
			runOnlyForDeploymentPostprocessing = 0;
		};
/* End PBXSourcesBuildPhase section */

/* Begin PBXVariantGroup section */
		B1A7BD392C5D08EE001D1EFA /* Main.storyboard */ = {
			isa = PBXVariantGroup;
			children = (
				B1A7BD3A2C5D08EE001D1EFA /* Base */,
			);
			name = Main.storyboard;
			sourceTree = "<group>";
		};
		B1A7BD3E2C5D08EF001D1EFA /* LaunchScreen.storyboard */ = {
			isa = PBXVariantGroup;
			children = (
				B1A7BD3F2C5D08EF001D1EFA /* Base */,
			);
			name = LaunchScreen.storyboard;
			sourceTree = "<group>";
		};
/* End PBXVariantGroup section */

/* Begin XCBuildConfiguration section */
		B1A7BD442C5D08EF001D1EFA /* Debug */ = {
			isa = XCBuildConfiguration;
			buildSettings = {
				ALWAYS_SEARCH_USER_PATHS = NO;
				ASSETCATALOG_COMPILER_GENERATE_SWIFT_ASSET_SYMBOL_EXTENSIONS = YES;
				CLANG_ANALYZER_NONNULL = YES;
				CLANG_ANALYZER_NUMBER_OBJECT_CONVERSION = YES_AGGRESSIVE;
				CLANG_CXX_LANGUAGE_STANDARD = "gnu++20";
				CLANG_ENABLE_MODULES = YES;
				CLANG_ENABLE_OBJC_ARC = YES;
				CLANG_ENABLE_OBJC_WEAK = YES;
				CLANG_WARN_BLOCK_CAPTURE_AUTORELEASING = YES;
				CLANG_WARN_BOOL_CONVERSION = YES;
				CLANG_WARN_COMMA = YES;
				CLANG_WARN_CONSTANT_CONVERSION = YES;
				CLANG_WARN_DEPRECATED_OBJC_IMPLEMENTATIONS = YES;
				CLANG_WARN_DIRECT_OBJC_ISA_USAGE = YES_ERROR;
				CLANG_WARN_DOCUMENTATION_COMMENTS = YES;
				CLANG_WARN_EMPTY_BODY = YES;
				CLANG_WARN_ENUM_CONVERSION = YES;
				CLANG_WARN_INFINITE_RECURSION = YES;
				CLANG_WARN_INT_CONVERSION = YES;
				CLANG_WARN_NON_LITERAL_NULL_CONVERSION = YES;
				CLANG_WARN_OBJC_IMPLICIT_RETAIN_SELF = YES;
				CLANG_WARN_OBJC_LITERAL_CONVERSION = YES;
				CLANG_WARN_OBJC_ROOT_CLASS = YES_ERROR;
				CLANG_WARN_QUOTED_INCLUDE_IN_FRAMEWORK_HEADER = YES;
				CLANG_WARN_RANGE_LOOP_ANALYSIS = YES;
				CLANG_WARN_STRICT_PROTOTYPES = YES;
				CLANG_WARN_SUSPICIOUS_MOVE = YES;
				CLANG_WARN_UNGUARDED_AVAILABILITY = YES_AGGRESSIVE;
				CLANG_WARN_UNREACHABLE_CODE = YES;
				CLANG_WARN__DUPLICATE_METHOD_MATCH = YES;
				COPY_PHASE_STRIP = NO;
				DEBUG_INFORMATION_FORMAT = dwarf;
				ENABLE_STRICT_OBJC_MSGSEND = YES;
				ENABLE_TESTABILITY = YES;
				ENABLE_USER_SCRIPT_SANDBOXING = YES;
				GCC_C_LANGUAGE_STANDARD = gnu17;
				GCC_DYNAMIC_NO_PIC = NO;
				GCC_NO_COMMON_BLOCKS = YES;
				GCC_OPTIMIZATION_LEVEL = 0;
				GCC_PREPROCESSOR_DEFINITIONS = (
					"DEBUG=1",
					"$(inherited)",
				);
				GCC_WARN_64_TO_32_BIT_CONVERSION = YES;
				GCC_WARN_ABOUT_RETURN_TYPE = YES_ERROR;
				GCC_WARN_UNDECLARED_SELECTOR = YES;
				GCC_WARN_UNINITIALIZED_AUTOS = YES_AGGRESSIVE;
				GCC_WARN_UNUSED_FUNCTION = YES;
				GCC_WARN_UNUSED_VARIABLE = YES;
				IPHONEOS_DEPLOYMENT_TARGET = 17.2;
				LOCALIZATION_PREFERS_STRING_CATALOGS = YES;
				MTL_ENABLE_DEBUG_INFO = INCLUDE_SOURCE;
				MTL_FAST_MATH = YES;
				ONLY_ACTIVE_ARCH = YES;
				SDKROOT = iphoneos;
			};
			name = Debug;
		};
		B1A7BD452C5D08EF001D1EFA /* Release */ = {
			isa = XCBuildConfiguration;
			buildSettings = {
				ALWAYS_SEARCH_USER_PATHS = NO;
				ASSETCATALOG_COMPILER_GENERATE_SWIFT_ASSET_SYMBOL_EXTENSIONS = YES;
				CLANG_ANALYZER_NONNULL = YES;
				CLANG_ANALYZER_NUMBER_OBJECT_CONVERSION = YES_AGGRESSIVE;
				CLANG_CXX_LANGUAGE_STANDARD = "gnu++20";
				CLANG_ENABLE_MODULES = YES;
				CLANG_ENABLE_OBJC_ARC = YES;
				CLANG_ENABLE_OBJC_WEAK = YES;
				CLANG_WARN_BLOCK_CAPTURE_AUTORELEASING = YES;
				CLANG_WARN_BOOL_CONVERSION = YES;
				CLANG_WARN_COMMA = YES;
				CLANG_WARN_CONSTANT_CONVERSION = YES;
				CLANG_WARN_DEPRECATED_OBJC_IMPLEMENTATIONS = YES;
				CLANG_WARN_DIRECT_OBJC_ISA_USAGE = YES_ERROR;
				CLANG_WARN_DOCUMENTATION_COMMENTS = YES;
				CLANG_WARN_EMPTY_BODY = YES;
				CLANG_WARN_ENUM_CONVERSION = YES;
				CLANG_WARN_INFINITE_RECURSION = YES;
				CLANG_WARN_INT_CONVERSION = YES;
				CLANG_WARN_NON_LITERAL_NULL_CONVERSION = YES;
				CLANG_WARN_OBJC_IMPLICIT_RETAIN_SELF = YES;
				CLANG_WARN_OBJC_LITERAL_CONVERSION = YES;
				CLANG_WARN_OBJC_ROOT_CLASS = YES_ERROR;
				CLANG_WARN_QUOTED_INCLUDE_IN_FRAMEWORK_HEADER = YES;
				CLANG_WARN_RANGE_LOOP_ANALYSIS = YES;
				CLANG_WARN_STRICT_PROTOTYPES = YES;
				CLANG_WARN_SUSPICIOUS_MOVE = YES;
				CLANG_WARN_UNGUARDED_AVAILABILITY = YES_AGGRESSIVE;
				CLANG_WARN_UNREACHABLE_CODE = YES;
				CLANG_WARN__DUPLICATE_METHOD_MATCH = YES;
				COPY_PHASE_STRIP = NO;
				DEBUG_INFORMATION_FORMAT = "dwarf-with-dsym";
				ENABLE_NS_ASSERTIONS = NO;
				ENABLE_STRICT_OBJC_MSGSEND = YES;
				ENABLE_USER_SCRIPT_SANDBOXING = YES;
				GCC_C_LANGUAGE_STANDARD = gnu17;
				GCC_NO_COMMON_BLOCKS = YES;
				GCC_WARN_64_TO_32_BIT_CONVERSION = YES;
				GCC_WARN_ABOUT_RETURN_TYPE = YES_ERROR;
				GCC_WARN_UNDECLARED_SELECTOR = YES;
				GCC_WARN_UNINITIALIZED_AUTOS = YES_AGGRESSIVE;
				GCC_WARN_UNUSED_FUNCTION = YES;
				GCC_WARN_UNUSED_VARIABLE = YES;
				IPHONEOS_DEPLOYMENT_TARGET = 17.2;
				LOCALIZATION_PREFERS_STRING_CATALOGS = YES;
				MTL_ENABLE_DEBUG_INFO = NO;
				MTL_FAST_MATH = YES;
				SDKROOT = iphoneos;
				VALIDATE_PRODUCT = YES;
			};
			name = Release;
		};
		B1A7BD472C5D08EF001D1EFA /* Debug */ = {
			isa = XCBuildConfiguration;
			buildSettings = {
				ASSETCATALOG_COMPILER_APPICON_NAME = AppIcon;
				ASSETCATALOG_COMPILER_GLOBAL_ACCENT_COLOR_NAME = AccentColor;
				CLANG_ENABLE_MODULES = YES;
				CODE_SIGN_STYLE = Automatic;
				CURRENT_PROJECT_VERSION = 1;
				DEVELOPMENT_TEAM = 4GB94SV7D4;
				GENERATE_INFOPLIST_FILE = YES;
				INFOPLIST_FILE = "msdk-objc/Info.plist";
				INFOPLIST_KEY_UIApplicationSupportsIndirectInputEvents = YES;
				INFOPLIST_KEY_UILaunchStoryboardName = LaunchScreen;
				INFOPLIST_KEY_UIMainStoryboardFile = Main;
				INFOPLIST_KEY_UISupportedInterfaceOrientations_iPad = "UIInterfaceOrientationPortrait UIInterfaceOrientationPortraitUpsideDown UIInterfaceOrientationLandscapeLeft UIInterfaceOrientationLandscapeRight";
				INFOPLIST_KEY_UISupportedInterfaceOrientations_iPhone = "UIInterfaceOrientationPortrait UIInterfaceOrientationLandscapeLeft UIInterfaceOrientationLandscapeRight";
				LD_RUNPATH_SEARCH_PATHS = (
					"$(inherited)",
					"@executable_path/Frameworks",
				);
				MARKETING_VERSION = 1.0;
				PRODUCT_BUNDLE_IDENTIFIER = "uc.msdk-objc";
				PRODUCT_NAME = "$(TARGET_NAME)";
				SWIFT_EMIT_LOC_STRINGS = YES;
				SWIFT_OBJC_BRIDGING_HEADER = "msdk-objc/msdk-objc-Bridging-Header.h";
				SWIFT_OPTIMIZATION_LEVEL = "-Onone";
				SWIFT_VERSION = 5.0;
				TARGETED_DEVICE_FAMILY = "1,2";
			};
			name = Debug;
		};
		B1A7BD482C5D08EF001D1EFA /* Release */ = {
			isa = XCBuildConfiguration;
			buildSettings = {
				ASSETCATALOG_COMPILER_APPICON_NAME = AppIcon;
				ASSETCATALOG_COMPILER_GLOBAL_ACCENT_COLOR_NAME = AccentColor;
				CLANG_ENABLE_MODULES = YES;
				CODE_SIGN_STYLE = Automatic;
				CURRENT_PROJECT_VERSION = 1;
				DEVELOPMENT_TEAM = 4GB94SV7D4;
				GENERATE_INFOPLIST_FILE = YES;
				INFOPLIST_FILE = "msdk-objc/Info.plist";
				INFOPLIST_KEY_UIApplicationSupportsIndirectInputEvents = YES;
				INFOPLIST_KEY_UILaunchStoryboardName = LaunchScreen;
				INFOPLIST_KEY_UIMainStoryboardFile = Main;
				INFOPLIST_KEY_UISupportedInterfaceOrientations_iPad = "UIInterfaceOrientationPortrait UIInterfaceOrientationPortraitUpsideDown UIInterfaceOrientationLandscapeLeft UIInterfaceOrientationLandscapeRight";
				INFOPLIST_KEY_UISupportedInterfaceOrientations_iPhone = "UIInterfaceOrientationPortrait UIInterfaceOrientationLandscapeLeft UIInterfaceOrientationLandscapeRight";
				LD_RUNPATH_SEARCH_PATHS = (
					"$(inherited)",
					"@executable_path/Frameworks",
				);
				MARKETING_VERSION = 1.0;
				PRODUCT_BUNDLE_IDENTIFIER = "uc.msdk-objc";
				PRODUCT_NAME = "$(TARGET_NAME)";
				SWIFT_EMIT_LOC_STRINGS = YES;
				SWIFT_OBJC_BRIDGING_HEADER = "msdk-objc/msdk-objc-Bridging-Header.h";
				SWIFT_VERSION = 5.0;
				TARGETED_DEVICE_FAMILY = "1,2";
			};
			name = Release;
		};
/* End XCBuildConfiguration section */

/* Begin XCConfigurationList section */
		B1A7BD282C5D08EE001D1EFA /* Build configuration list for PBXProject "msdk-objc" */ = {
			isa = XCConfigurationList;
			buildConfigurations = (
				B1A7BD442C5D08EF001D1EFA /* Debug */,
				B1A7BD452C5D08EF001D1EFA /* Release */,
			);
			defaultConfigurationIsVisible = 0;
			defaultConfigurationName = Release;
		};
		B1A7BD462C5D08EF001D1EFA /* Build configuration list for PBXNativeTarget "msdk-objc" */ = {
			isa = XCConfigurationList;
			buildConfigurations = (
				B1A7BD472C5D08EF001D1EFA /* Debug */,
				B1A7BD482C5D08EF001D1EFA /* Release */,
			);
			defaultConfigurationIsVisible = 0;
			defaultConfigurationName = Release;
		};
/* End XCConfigurationList section */
	};
	rootObject = B1A7BD252C5D08EE001D1EFA /* Project object */;
}
